
Microsoft Visual Studio Solution File, Format Version 12.00
# Visual Studio Version 17
VisualStudioVersion = 17.8.34330.188
MinimumVisualStudioVersion = 10.0.40219.1
Project("{9A19103F-16F7-4668-BE54-9A1E7A4F7556}") = "API", "API\API.csproj", "{875921D4-B721-4376-87FA-8C7074932143}"
EndProject
Project("{9A19103F-16F7-4668-BE54-9A1E7A4F7556}") = "Application", "Application\Application.csproj", "{2C3F44D5-18DB-4F33-BC79-406F3AD8C7A7}"
EndProject
Project("{9A19103F-16F7-4668-BE54-9A1E7A4F7556}") = "Domain", "Domain\Domain.csproj", "{810079CD-9584-4F17-9169-3C89E90574BD}"
EndProject
Project("{9A19103F-16F7-4668-BE54-9A1E7A4F7556}") = "Infrastructure", "Infrastructure\Infrastructure.csproj", "{2D8ACAD1-3C32-4BE7-83EE-AF40012D196B}"
EndProject
Global
	GlobalSection(SolutionConfigurationPlatforms) = preSolution
		Debug|Any CPU = Debug|Any CPU
		Release|Any CPU = Release|Any CPU
	EndGlobalSection
	GlobalSection(ProjectConfigurationPlatforms) = postSolution
		{875921D4-B721-4376-87FA-8C7074932143}.Debug|Any CPU.ActiveCfg = Debug|Any CPU
		{875921D4-B721-4376-87FA-8C7074932143}.Debug|Any CPU.Build.0 = Debug|Any CPU
		{875921D4-B721-4376-87FA-8C7074932143}.Release|Any CPU.ActiveCfg = Release|Any CPU
		{875921D4-B721-4376-87FA-8C7074932143}.Release|Any CPU.Build.0 = Release|Any CPU
		{2C3F44D5-18DB-4F33-BC79-406F3AD8C7A7}.Debug|Any CPU.ActiveCfg = Debug|Any CPU
		{2C3F44D5-18DB-4F33-BC79-406F3AD8C7A7}.Debug|Any CPU.Build.0 = Debug|Any CPU
		{2C3F44D5-18DB-4F33-BC79-406F3AD8C7A7}.Release|Any CPU.ActiveCfg = Release|Any CPU
		{2C3F44D5-18DB-4F33-BC79-406F3AD8C7A7}.Release|Any CPU.Build.0 = Release|Any CPU
		{810079CD-9584-4F17-9169-3C89E90574BD}.Debug|Any CPU.ActiveCfg = Debug|Any CPU
		{810079CD-9584-4F17-9169-3C89E90574BD}.Debug|Any CPU.Build.0 = Debug|Any CPU
		{810079CD-9584-4F17-9169-3C89E90574BD}.Release|Any CPU.ActiveCfg = Release|Any CPU
		{810079CD-9584-4F17-9169-3C89E90574BD}.Release|Any CPU.Build.0 = Release|Any CPU
		{2D8ACAD1-3C32-4BE7-83EE-AF40012D196B}.Debug|Any CPU.ActiveCfg = Debug|Any CPU
		{2D8ACAD1-3C32-4BE7-83EE-AF40012D196B}.Debug|Any CPU.Build.0 = Debug|Any CPU
		{2D8ACAD1-3C32-4BE7-83EE-AF40012D196B}.Release|Any CPU.ActiveCfg = Release|Any CPU
		{2D8ACAD1-3C32-4BE7-83EE-AF40012D196B}.Release|Any CPU.Build.0 = Release|Any CPU
	EndGlobalSection
	GlobalSection(SolutionProperties) = preSolution
		HideSolutionNode = FALSE
	EndGlobalSection
	GlobalSection(ExtensibilityGlobals) = postSolution
		SolutionGuid = {A2F31A3B-5443-4DCD-A2B4-C3C86DF77C0C}
	EndGlobalSection
EndGlobal
